github.com/andybalholm/brotli v1.1.1 h1:PR2pgnyFznKEugtsUo0xLdDop5SKXd5Qf5ysW+7XdTA=
github.com/andybalholm/brotli v1.1.1/go.mod h1:05ib4cKhjx3OQYUY22hTVd34Bc8upXjOLL2rKwwZBoA=
github.com/bogdanfinn/fhttp v0.5.29 h1:wSvVLaVuqUeW+PLL+rBofOUr7nQ/iKj1HDrqVpw/WdE=
github.com/bogdanfinn/fhttp v0.5.29/go.mod h1:bdo7riUy+lXzfGAfGX6dhwRIqlKRSxraI+4eo98lFoA=
github.com/bogdanfinn/tls-client v1.7.9 h1:pB8bBt0KG5pjBqiiT+Vdu8Ibh8qHGiB0HGnF1cS4VKY=
github.com/bogdanfinn/tls-client v1.7.9/go.mod h1:wR7d4Z0/y4lP3cowPajr407x+GmqyCCeK2f44DxmeFY=
github.com/bogdanfinn/utls v1.6.2 h1:82QYt8sjweKzW71D8/6DTAebZleRyJA+l56bplMM93M=
github.com/bogdanfinn/utls v1.6.2/go.mod h1:czcHxHGsc1q9NjgWSeSinQZzn6MR76zUmGVIGanSXO0=
github.com/cloudflare/circl v1.5.0 h1:hxIWksrX6XN5a1L2TI/h53AGPhNHoUBo+TD1ms9+pys=
github.com/cloudflare/circl v1.5.0/go.mod h1:uddAzsPgqdMAYatqJ0lsjX1oECcQLIlRpzZh3pJrofs=
github.com/cristalhq/base64 v0.1.2 h1:edsefYyYDiac7Ytdh2xdaiiSSJzcI2f0yIkdGEf1qY0=
github.com/cristalhq/base64 v0.1.2/go.mod h1:sy4+2Hale2KbtSqkzpdMeYTP/IrB+HCvxVHWsh2VSYk=
github.com/elazarl/goproxy v0.0.0-20240909085733-6741dbfc16a1 h1:g7YUigN4dW2+zpdusdTTghZ+5Py3BaUMAStvL8Nk+FY=
github.com/elazarl/goproxy v0.0.0-20240909085733-6741dbfc16a1/go.mod h1:thX175TtLTzLj3p7N/Q9IiKZ7NF+p72cvL91emV0hzo=
github.com/goccy/go-json v0.10.3 h1:KZ5WoDbxAIgm2HNbYckL0se1fHD6rz5j4ywS6ebzDqA=
github.com/goccy/go-json v0.10.3/go.mod h1:oq7eo15ShAhp70Anwd5lgX2pLfOS3QCiwU/PULtXL6M=
github.com/google/uuid v1.6.0 h1:NIvaJDMOsjHA8n1jAhLSgzrAzy1Hgr+hNrb57e+94F0=
github.com/google/uuid v1.6.0/go.mod h1:TIyPZe4MgqvfeYDBFedMoGGpEw/LqOeaOT+nhxU+yHo=
github.com/gorilla/mux v1.8.1 h1:TuBL49tXwgrFYWhqrNgrUNEY92u81SPhu7sTdzQEiWY=
github.com/gorilla/mux v1.8.1/go.mod h1:AKf9I4AEqPTmMytcMc0KkNouC66V3BtZ4qD5fmWSiMQ=
github.com/klauspost/compress v1.17.11 h1:In6xLpyWOi1+C7tXUUWv2ot1QvBjxevKAaI6IXrJmUc=
github.com/klauspost/compress v1.17.11/go.mod h1:pMDklpSncoRMuLFrf1W9Ss9KT+0rH90U12bZKk7uwG0=
github.com/quic-go/quic-go v0.48.1 h1:y/8xmfWI9qmGTc+lBr4jKRUWLGSlSigv847ULJ4hYXA=
github.com/quic-go/quic-go v0.48.1/go.mod h1:yBgs3rWBOADpga7F+jJsb6Ybg1LSYiQvwWlLX+/6HMs=
github.com/tam7t/hpkp v0.0.0-20160821193359-2b70b4024ed5 h1:YqAladjX7xpA6BM04leXMWAEjS0mTZ5kUU9KRBriQJc=
github.com/tam7t/hpkp v0.0.0-20160821193359-2b70b4024ed5/go.mod h1:2JjD2zLQYH5HO74y5+aE3remJQvl6q4Sn6aWA2wD1Ng=
github.com/xyproto/randomstring v1.0.5/go.mod h1:rgmS5DeNXLivK7YprL0pY+lTuhNQW3iGxZ18UQApw/E=
golang.org/x/crypto v0.29.0 h1:L5SG1JTTXupVV3n6sUqMTeWbjAyfPwoda2DLX8J8FrQ=
golang.org/x/crypto v0.29.0/go.mod h1:+F4F4N5hv6v38hfeYwTdx20oUvLLc+QfrE9Ax9HtgRg=
golang.org/x/net v0.26.0 h1:soB7SVo0PWrY4vPW/+ay0jKDNScG2X9wFeYlXIvJsOQ=
golang.org/x/net v0.26.0/go.mod h1:5YKkiSynbBIh3p6iOc/vibscux0x38BZDkn8sCUPxHE=
golang.org/x/net v0.31.0 h1:68CPQngjLL0r2AlUKiSxtQFKvzRVbnzLwMUn5SzcLHo=
golang.org/x/net v0.31.0/go.mod h1:P4fl1q7dY2hnZFxEk4pPSkDHF+QqjitcnDjUQyMM+pM=
golang.org/x/sys v0.27.0 h1:wBqf8DvsY9Y/2P8gAfPDEYNuS30J4lPHJxXSb/nJZ+s=
golang.org/x/sys v0.27.0/go.mod h1:/VUhepiaJMQUp4+oa/7Zr1D23ma6VTLIYjOOTFZPUcA=
golang.org/x/text v0.16.0 h1:a94ExnEXNtEwYLGJSIUxnWoxoRz/ZcCsV63ROupILh4=
golang.org/x/text v0.16.0/go.mod h1:GhwF1Be+LQoKShO3cGOHzqOgRrGaYc9AvblQOmPVHnI=
golang.org/x/text v0.20.0 h1:gK/Kv2otX8gz+wn7Rmb3vT96ZwuoxnQlY+HlJVj7Qug=
golang.org/x/text v0.20.0/go.mod h1:D4IsuqiFMhST5bX19pQ9ikHC2GsaKyk/oF+pn3ducp4=
